
Microsoft Visual Studio Solution File, Format Version 12.00
# Visual Studio Version 16
VisualStudioVersion = 16.0.31911.196
MinimumVisualStudioVersion = 10.0.40219.1
Project("{2150E333-8FDC-42A3-9474-1A3956D46DE8}") = "Services", "Services", "{A53F93FF-AF40-434E-82E3-D2B97ED8B7FF}"
EndProject
Project("{2150E333-8FDC-42A3-9474-1A3956D46DE8}") = "Catalog", "Catalog", "{970B5314-8E46-42ED-B679-D9F4E8248F3D}"
EndProject
Project("{9A19103F-16F7-4668-BE54-9A1E7A4F7556}") = "Catalog.Api", "Services\Catalog\Catalog.Api\Catalog.Api.csproj", "{CE4D5C5D-029C-4967-A0B2-863AE42BA150}"
EndProject
Project("{E53339B2-1760-4266-BCC7-CA923CBCF16C}") = "docker-compose", "docker-compose.dcproj", "{3F238AD8-F97C-4956-A1DA-B51E94CC2B36}"
EndProject
Project("{2150E333-8FDC-42A3-9474-1A3956D46DE8}") = "Basket", "Basket", "{0833EF12-C4CA-4782-9D19-D41DB35A7422}"
EndProject
Project("{FAE04EC0-301F-11D3-BF4B-00C04F79EFBC}") = "Basket.Api", "Services\Basket\Basket.Api\Basket.Api.csproj", "{CAFD9D2D-ED5D-4608-BAB0-E7E4D90EA1CF}"
EndProject
Project("{2150E333-8FDC-42A3-9474-1A3956D46DE8}") = "Discount", "Discount", "{1562F633-C592-4693-BFC1-87D22F006BF7}"
EndProject
Project("{FAE04EC0-301F-11D3-BF4B-00C04F79EFBC}") = "Discount.Api", "Services\Discount\Discount.Api\Discount.Api.csproj", "{6A63E76C-7EA6-45E6-9C2D-D3B3C1921BEA}"
EndProject
Project("{FAE04EC0-301F-11D3-BF4B-00C04F79EFBC}") = "Discount.Grpc", "Services\Discount\Discount.Grpc\Discount.Grpc.csproj", "{779F71AB-050B-4DFA-8CEF-00E97EB69151}"
EndProject
Project("{2150E333-8FDC-42A3-9474-1A3956D46DE8}") = "Ordering", "Ordering", "{82976625-EF3A-4B3E-A110-AEA7C6F8D104}"
EndProject
Project("{FAE04EC0-301F-11D3-BF4B-00C04F79EFBC}") = "Ordering.Api", "Services\Ordering\Ordering.Api\Ordering.Api.csproj", "{0BEBCBB2-3718-4735-8C7A-7DB4C97E09AE}"
EndProject
Project("{FAE04EC0-301F-11D3-BF4B-00C04F79EFBC}") = "Ordering.Domain", "Services\Ordering\Ordering.Domain\Ordering.Domain.csproj", "{52450CC0-2834-44F2-9245-DB16041B480E}"
EndProject
Project("{FAE04EC0-301F-11D3-BF4B-00C04F79EFBC}") = "Ordering.Application", "Services\Ordering\Ordering.Application\Ordering.Application.csproj", "{528AFD68-0ECA-42D7-8B98-319902A479B2}"
EndProject
Project("{FAE04EC0-301F-11D3-BF4B-00C04F79EFBC}") = "Ordering.Infra", "Services\Ordering\Ordering.Infra\Ordering.Infra.csproj", "{A0673776-7203-465F-A9C8-91258719FB38}"
EndProject
Global
	GlobalSection(SolutionConfigurationPlatforms) = preSolution
		Debug|Any CPU = Debug|Any CPU
		Release|Any CPU = Release|Any CPU
	EndGlobalSection
	GlobalSection(ProjectConfigurationPlatforms) = postSolution
		{CE4D5C5D-029C-4967-A0B2-863AE42BA150}.Debug|Any CPU.ActiveCfg = Debug|Any CPU
		{CE4D5C5D-029C-4967-A0B2-863AE42BA150}.Debug|Any CPU.Build.0 = Debug|Any CPU
		{CE4D5C5D-029C-4967-A0B2-863AE42BA150}.Release|Any CPU.ActiveCfg = Release|Any CPU
		{CE4D5C5D-029C-4967-A0B2-863AE42BA150}.Release|Any CPU.Build.0 = Release|Any CPU
		{3F238AD8-F97C-4956-A1DA-B51E94CC2B36}.Debug|Any CPU.ActiveCfg = Debug|Any CPU
		{3F238AD8-F97C-4956-A1DA-B51E94CC2B36}.Debug|Any CPU.Build.0 = Debug|Any CPU
		{3F238AD8-F97C-4956-A1DA-B51E94CC2B36}.Release|Any CPU.ActiveCfg = Release|Any CPU
		{3F238AD8-F97C-4956-A1DA-B51E94CC2B36}.Release|Any CPU.Build.0 = Release|Any CPU
		{CAFD9D2D-ED5D-4608-BAB0-E7E4D90EA1CF}.Debug|Any CPU.ActiveCfg = Debug|Any CPU
		{CAFD9D2D-ED5D-4608-BAB0-E7E4D90EA1CF}.Debug|Any CPU.Build.0 = Debug|Any CPU
		{CAFD9D2D-ED5D-4608-BAB0-E7E4D90EA1CF}.Release|Any CPU.ActiveCfg = Release|Any CPU
		{CAFD9D2D-ED5D-4608-BAB0-E7E4D90EA1CF}.Release|Any CPU.Build.0 = Release|Any CPU
		{6A63E76C-7EA6-45E6-9C2D-D3B3C1921BEA}.Debug|Any CPU.ActiveCfg = Debug|Any CPU
		{6A63E76C-7EA6-45E6-9C2D-D3B3C1921BEA}.Debug|Any CPU.Build.0 = Debug|Any CPU
		{6A63E76C-7EA6-45E6-9C2D-D3B3C1921BEA}.Release|Any CPU.ActiveCfg = Release|Any CPU
		{6A63E76C-7EA6-45E6-9C2D-D3B3C1921BEA}.Release|Any CPU.Build.0 = Release|Any CPU
		{779F71AB-050B-4DFA-8CEF-00E97EB69151}.Debug|Any CPU.ActiveCfg = Debug|Any CPU
		{779F71AB-050B-4DFA-8CEF-00E97EB69151}.Debug|Any CPU.Build.0 = Debug|Any CPU
		{779F71AB-050B-4DFA-8CEF-00E97EB69151}.Release|Any CPU.ActiveCfg = Release|Any CPU
		{779F71AB-050B-4DFA-8CEF-00E97EB69151}.Release|Any CPU.Build.0 = Release|Any CPU
		{0BEBCBB2-3718-4735-8C7A-7DB4C97E09AE}.Debug|Any CPU.ActiveCfg = Debug|Any CPU
		{0BEBCBB2-3718-4735-8C7A-7DB4C97E09AE}.Debug|Any CPU.Build.0 = Debug|Any CPU
		{0BEBCBB2-3718-4735-8C7A-7DB4C97E09AE}.Release|Any CPU.ActiveCfg = Release|Any CPU
		{0BEBCBB2-3718-4735-8C7A-7DB4C97E09AE}.Release|Any CPU.Build.0 = Release|Any CPU
		{52450CC0-2834-44F2-9245-DB16041B480E}.Debug|Any CPU.ActiveCfg = Debug|Any CPU
		{52450CC0-2834-44F2-9245-DB16041B480E}.Debug|Any CPU.Build.0 = Debug|Any CPU
		{52450CC0-2834-44F2-9245-DB16041B480E}.Release|Any CPU.ActiveCfg = Release|Any CPU
		{52450CC0-2834-44F2-9245-DB16041B480E}.Release|Any CPU.Build.0 = Release|Any CPU
		{528AFD68-0ECA-42D7-8B98-319902A479B2}.Debug|Any CPU.ActiveCfg = Debug|Any CPU
		{528AFD68-0ECA-42D7-8B98-319902A479B2}.Debug|Any CPU.Build.0 = Debug|Any CPU
		{528AFD68-0ECA-42D7-8B98-319902A479B2}.Release|Any CPU.ActiveCfg = Release|Any CPU
		{528AFD68-0ECA-42D7-8B98-319902A479B2}.Release|Any CPU.Build.0 = Release|Any CPU
		{A0673776-7203-465F-A9C8-91258719FB38}.Debug|Any CPU.ActiveCfg = Debug|Any CPU
		{A0673776-7203-465F-A9C8-91258719FB38}.Debug|Any CPU.Build.0 = Debug|Any CPU
		{A0673776-7203-465F-A9C8-91258719FB38}.Release|Any CPU.ActiveCfg = Release|Any CPU
		{A0673776-7203-465F-A9C8-91258719FB38}.Release|Any CPU.Build.0 = Release|Any CPU
	EndGlobalSection
	GlobalSection(SolutionProperties) = preSolution
		HideSolutionNode = FALSE
	EndGlobalSection
	GlobalSection(NestedProjects) = preSolution
		{970B5314-8E46-42ED-B679-D9F4E8248F3D} = {A53F93FF-AF40-434E-82E3-D2B97ED8B7FF}
		{CE4D5C5D-029C-4967-A0B2-863AE42BA150} = {970B5314-8E46-42ED-B679-D9F4E8248F3D}
		{0833EF12-C4CA-4782-9D19-D41DB35A7422} = {A53F93FF-AF40-434E-82E3-D2B97ED8B7FF}
		{CAFD9D2D-ED5D-4608-BAB0-E7E4D90EA1CF} = {0833EF12-C4CA-4782-9D19-D41DB35A7422}
		{1562F633-C592-4693-BFC1-87D22F006BF7} = {A53F93FF-AF40-434E-82E3-D2B97ED8B7FF}
		{6A63E76C-7EA6-45E6-9C2D-D3B3C1921BEA} = {1562F633-C592-4693-BFC1-87D22F006BF7}
		{779F71AB-050B-4DFA-8CEF-00E97EB69151} = {1562F633-C592-4693-BFC1-87D22F006BF7}
		{82976625-EF3A-4B3E-A110-AEA7C6F8D104} = {A53F93FF-AF40-434E-82E3-D2B97ED8B7FF}
		{0BEBCBB2-3718-4735-8C7A-7DB4C97E09AE} = {82976625-EF3A-4B3E-A110-AEA7C6F8D104}
		{52450CC0-2834-44F2-9245-DB16041B480E} = {82976625-EF3A-4B3E-A110-AEA7C6F8D104}
		{528AFD68-0ECA-42D7-8B98-319902A479B2} = {82976625-EF3A-4B3E-A110-AEA7C6F8D104}
		{A0673776-7203-465F-A9C8-91258719FB38} = {82976625-EF3A-4B3E-A110-AEA7C6F8D104}
	EndGlobalSection
	GlobalSection(ExtensibilityGlobals) = postSolution
		SolutionGuid = {1757DD3D-4187-4196-88A2-66B1BD4701DD}
	EndGlobalSection
EndGlobal
